
Microsoft Visual Studio Solution File, Format Version 12.00
# Visual Studio Version 16
VisualStudioVersion = 16.0.31613.86
MinimumVisualStudioVersion = 10.0.40219.1
Project("{FAE04EC0-301F-11D3-BF4B-00C04F79EFBC}") = "DrinksMachineProgram", "DrinksMachineProgram\DrinksMachineProgram.csproj", "{DCE2A39A-260A-4A43-9211-A607AC930232}"
EndProject
Global
	GlobalSection(SolutionConfigurationPlatforms) = preSolution
		Debug|Any CPU = Debug|Any CPU
		Release|Any CPU = Release|Any CPU
	EndGlobalSection
	GlobalSection(ProjectConfigurationPlatforms) = postSolution
		{DCE2A39A-260A-4A43-9211-A607AC930232}.Debug|Any CPU.ActiveCfg = Debug|Any CPU
		{DCE2A39A-260A-4A43-9211-A607AC930232}.Debug|Any CPU.Build.0 = Debug|Any CPU
		{DCE2A39A-260A-4A43-9211-A607AC930232}.Release|Any CPU.ActiveCfg = Release|Any CPU
		{DCE2A39A-260A-4A43-9211-A607AC930232}.Release|Any CPU.Build.0 = Release|Any CPU
	EndGlobalSection
	GlobalSection(SolutionProperties) = preSolution
		HideSolutionNode = FALSE
	EndGlobalSection
	GlobalSection(ExtensibilityGlobals) = postSolution
		SolutionGuid = {8E65C033-A571-42A0-924E-40172345A4FA}
	EndGlobalSection
EndGlobal
